{
  "originHash" : "62a24593c71a671643359160887d3da799af24851ad33389e0d7316675e86d8b",
  "pins" : [
    {
      "identity" : "cloudkitsyncmonitor",
      "kind" : "remoteSourceControl",
      "location" : "https://github.com/ggruen/CloudKitSyncMonitor.git",
      "state" : {
        "revision" : "8f8de8e71928df27bf023cc6ed808a8b6270a0d3",
        "version" : "1.2.1"
      }
    },
    {
      "identity" : "swiftdatakit",
      "kind" : "remoteSourceControl",
      "location" : "https://github.com/fatbobman/SwiftDataKit.git",
      "state" : {
        "revision" : "136c34b711f5e8eccf1d11aeca8e0a14958f7b84",
        "version" : "0.1.3"
      }
    }
  ],
  "version" : 3
}
